// !$*UTF8*$!
{
	archiveVersion = 1;
	classes = {
	};
	objectVersion = 77;
	objects = {

/* Begin PBXBuildFile section */
		2C86E75A2E0EB5B400F8B22F /* Lottie in Frameworks */ = {isa = PBXBuildFile; productRef = 2C86E7592E0EB5B400F8B22F /* Lottie */; };
		2CDD0EEC2DF06F960066B899 /* .gitignore in Resources */ = {isa = PBXBuildFile; fileRef = 2CDD0EEB2DF06F8C0066B899 /* .gitignore */; };
/* End PBXBuildFile section */

/* Begin PBXContainerItemProxy section */
		2CDD0EC32DF06D430066B899 /* PBXContainerItemProxy */ = {
			isa = PBXContainerItemProxy;
			containerPortal = 2CDD0EAD2DF06D410066B899 /* Project object */;
			proxyType = 1;
			remoteGlobalIDString = 2CDD0EB42DF06D410066B899;
			remoteInfo = keycraft;
		};
		2CDD0ECD2DF06D430066B899 /* PBXContainerItemProxy */ = {
			isa = PBXContainerItemProxy;
			containerPortal = 2CDD0EAD2DF06D410066B899 /* Project object */;
			proxyType = 1;
			remoteGlobalIDString = 2CDD0EB42DF06D410066B899;
			remoteInfo = keycraft;
		};
/* End PBXContainerItemProxy section */

/* Begin PBXFileReference section */
		2CDD0EB52DF06D410066B899 /* keycraft.app */ = {isa = PBXFileReference; explicitFileType = wrapper.application; includeInIndex = 0; path = keycraft.app; sourceTree = BUILT_PRODUCTS_DIR; };
		2CDD0EC22DF06D430066B899 /* keycraftTests.xctest */ = {isa = PBXFileReference; explicitFileType = wrapper.cfbundle; includeInIndex = 0; path = keycraftTests.xctest; sourceTree = BUILT_PRODUCTS_DIR; };
		2CDD0ECC2DF06D430066B899 /* keycraftUITests.xctest */ = {isa = PBXFileReference; explicitFileType = wrapper.cfbundle; includeInIndex = 0; path = keycraftUITests.xctest; sourceTree = BUILT_PRODUCTS_DIR; };
		2CDD0EEB2DF06F8C0066B899 /* .gitignore */ = {isa = PBXFileReference; lastKnownFileType = text; path = .gitignore; sourceTree = "<group>"; };
/* End PBXFileReference section */

/* Begin PBXFileSystemSynchronizedBuildFileExceptionSet section */
		2C100C6E2E09C989003B9CB0 /* Exceptions for "keycraft" folder in "keycraftTests" target */ = {
			isa = PBXFileSystemSynchronizedBuildFileExceptionSet;
			membershipExceptions = (
				"Resources/PressStart2P-Regular.ttf",
				Resources/rocket.json,
			);
			target = 2CDD0EC12DF06D430066B899 /* keycraftTests */;
		};
		2C100C6F2E09C989003B9CB0 /* Exceptions for "keycraft" folder in "keycraftUITests" target */ = {
			isa = PBXFileSystemSynchronizedBuildFileExceptionSet;
			membershipExceptions = (
				"Resources/PressStart2P-Regular.ttf",
				Resources/rocket.json,
			);
			target = 2CDD0ECB2DF06D430066B899 /* keycraftUITests */;
		};
		2C100C712E09C9A7003B9CB0 /* Exceptions for "keycraft" folder in "keycraft" target */ = {
			isa = PBXFileSystemSynchronizedBuildFileExceptionSet;
			membershipExceptions = (
				Info.plist,
			);
			target = 2CDD0EB42DF06D410066B899 /* keycraft */;
		};
/* End PBXFileSystemSynchronizedBuildFileExceptionSet section */

/* Begin PBXFileSystemSynchronizedRootGroup section */
		2CDD0EB72DF06D410066B899 /* keycraft */ = {
			isa = PBXFileSystemSynchronizedRootGroup;
			exceptions = (
				2C100C712E09C9A7003B9CB0 /* Exceptions for "keycraft" folder in "keycraft" target */,
				2C100C6E2E09C989003B9CB0 /* Exceptions for "keycraft" folder in "keycraftTests" target */,
				2C100C6F2E09C989003B9CB0 /* Exceptions for "keycraft" folder in "keycraftUITests" target */,
			);
			path = keycraft;
			sourceTree = "<group>";
		};
		2CDD0EC52DF06D430066B899 /* keycraftTests */ = {
			isa = PBXFileSystemSynchronizedRootGroup;
			path = keycraftTests;
			sourceTree = "<group>";
		};
		2CDD0ECF2DF06D430066B899 /* keycraftUITests */ = {
			isa = PBXFileSystemSynchronizedRootGroup;
			path = keycraftUITests;
			sourceTree = "<group>";
		};
/* End PBXFileSystemSynchronizedRootGroup section */

/* Begin PBXFrameworksBuildPhase section */
		2CDD0EB22DF06D410066B899 /* Frameworks */ = {
			isa = PBXFrameworksBuildPhase;
			buildActionMask = 2147483647;
			files = (
				2C86E75A2E0EB5B400F8B22F /* Lottie in Frameworks */,
			);
			runOnlyForDeploymentPostprocessing = 0;
		};
		2CDD0EBF2DF06D430066B899 /* Frameworks */ = {
			isa = PBXFrameworksBuildPhase;
			buildActionMask = 2147483647;
			files = (
			);
			runOnlyForDeploymentPostprocessing = 0;
		};
		2CDD0EC92DF06D430066B899 /* Frameworks */ = {
			isa = PBXFrameworksBuildPhase;
			buildActionMask = 2147483647;
			files = (
			);
			runOnlyForDeploymentPostprocessing = 0;
		};
/* End PBXFrameworksBuildPhase section */

/* Begin PBXGroup section */
		2CDD0EAC2DF06D410066B899 = {
			isa = PBXGroup;
			children = (
				2CDD0EEB2DF06F8C0066B899 /* .gitignore */,
				2CDD0EB72DF06D410066B899 /* keycraft */,
				2CDD0EC52DF06D430066B899 /* keycraftTests */,
				2CDD0ECF2DF06D430066B899 /* keycraftUITests */,
				2CDD0EB62DF06D410066B899 /* Products */,
			);
			sourceTree = "<group>";
		};
		2CDD0EB62DF06D410066B899 /* Products */ = {
			isa = PBXGroup;
			children = (
				2CDD0EB52DF06D410066B899 /* keycraft.app */,
				2CDD0EC22DF06D430066B899 /* keycraftTests.xctest */,
				2CDD0ECC2DF06D430066B899 /* keycraftUITests.xctest */,
			);
			name = Products;
			sourceTree = "<group>";
		};
/* End PBXGroup section */

/* Begin PBXNativeTarget section */
		2CDD0EB42DF06D410066B899 /* keycraft */ = {
			isa = PBXNativeTarget;
			buildConfigurationList = 2CDD0ED62DF06D430066B899 /* Build configuration list for PBXNativeTarget "keycraft" */;
			buildPhases = (
				2CDD0EB12DF06D410066B899 /* Sources */,
				2CDD0EB22DF06D410066B899 /* Frameworks */,
				2CDD0EB32DF06D410066B899 /* Resources */,
			);
			buildRules = (
			);
			dependencies = (
			);
			fileSystemSynchronizedGroups = (
				2CDD0EB72DF06D410066B899 /* keycraft */,
			);
			name = keycraft;
			packageProductDependencies = (
				2C86E7592E0EB5B400F8B22F /* Lottie */,
			);
			productName = keycraft;
			productReference = 2CDD0EB52DF06D410066B899 /* keycraft.app */;
			productType = "com.apple.product-type.application";
		};
		2CDD0EC12DF06D430066B899 /* keycraftTests */ = {
			isa = PBXNativeTarget;
			buildConfigurationList = 2CDD0ED92DF06D430066B899 /* Build configuration list for PBXNativeTarget "keycraftTests" */;
			buildPhases = (
				2CDD0EBE2DF06D430066B899 /* Sources */,
				2CDD0EBF2DF06D430066B899 /* Frameworks */,
				2CDD0EC02DF06D430066B899 /* Resources */,
			);
			buildRules = (
			);
			dependencies = (
				2CDD0EC42DF06D430066B899 /* PBXTargetDependency */,
			);
			fileSystemSynchronizedGroups = (
				2CDD0EC52DF06D430066B899 /* keycraftTests */,
			);
			name = keycraftTests;
			packageProductDependencies = (
			);
			productName = keycraftTests;
			productReference = 2CDD0EC22DF06D430066B899 /* keycraftTests.xctest */;
			productType = "com.apple.product-type.bundle.unit-test";
		};
		2CDD0ECB2DF06D430066B899 /* keycraftUITests */ = {
			isa = PBXNativeTarget;
			buildConfigurationList = 2CDD0EDC2DF06D430066B899 /* Build configuration list for PBXNativeTarget "keycraftUITests" */;
			buildPhases = (
				2CDD0EC82DF06D430066B899 /* Sources */,
				2CDD0EC92DF06D430066B899 /* Frameworks */,
				2CDD0ECA2DF06D430066B899 /* Resources */,
			);
			buildRules = (
			);
			dependencies = (
				2CDD0ECE2DF06D430066B899 /* PBXTargetDependency */,
			);
			fileSystemSynchronizedGroups = (
				2CDD0ECF2DF06D430066B899 /* keycraftUITests */,
			);
			name = keycraftUITests;
			packageProductDependencies = (
			);
			productName = keycraftUITests;
			productReference = 2CDD0ECC2DF06D430066B899 /* keycraftUITests.xctest */;
			productType = "com.apple.product-type.bundle.ui-testing";
		};
/* End PBXNativeTarget section */

/* Begin PBXProject section */
		2CDD0EAD2DF06D410066B899 /* Project object */ = {
			isa = PBXProject;
			attributes = {
				BuildIndependentTargetsInParallel = 1;
				LastSwiftUpdateCheck = 1640;
				LastUpgradeCheck = 1640;
				TargetAttributes = {
					2CDD0EB42DF06D410066B899 = {
						CreatedOnToolsVersion = 16.4;
					};
					2CDD0EC12DF06D430066B899 = {
						CreatedOnToolsVersion = 16.4;
						TestTargetID = 2CDD0EB42DF06D410066B899;
					};
					2CDD0ECB2DF06D430066B899 = {
						CreatedOnToolsVersion = 16.4;
						TestTargetID = 2CDD0EB42DF06D410066B899;
					};
				};
			};
			buildConfigurationList = 2CDD0EB02DF06D410066B899 /* Build configuration list for PBXProject "keycraft" */;
			developmentRegion = en;
			hasScannedForEncodings = 0;
			knownRegions = (
				en,
				Base,
			);
			mainGroup = 2CDD0EAC2DF06D410066B899;
			minimizedProjectReferenceProxies = 1;
			packageReferences = (
				2C86E7582E0EB5B400F8B22F /* XCRemoteSwiftPackageReference "lottie-ios" */,
			);
			preferredProjectObjectVersion = 77;
			productRefGroup = 2CDD0EB62DF06D410066B899 /* Products */;
			projectDirPath = "";
			projectRoot = "";
			targets = (
				2CDD0EB42DF06D410066B899 /* keycraft */,
				2CDD0EC12DF06D430066B899 /* keycraftTests */,
				2CDD0ECB2DF06D430066B899 /* keycraftUITests */,
			);
		};
/* End PBXProject section */

/* Begin PBXResourcesBuildPhase section */
		2CDD0EB32DF06D410066B899 /* Resources */ = {
			isa = PBXResourcesBuildPhase;
			buildActionMask = 2147483647;
			files = (
				2CDD0EEC2DF06F960066B899 /* .gitignore in Resources */,
			);
			runOnlyForDeploymentPostprocessing = 0;
		};
		2CDD0EC02DF06D430066B899 /* Resources */ = {
			isa = PBXResourcesBuildPhase;
			buildActionMask = 2147483647;
			files = (
			);
			runOnlyForDeploymentPostprocessing = 0;
		};
		2CDD0ECA2DF06D430066B899 /* Resources */ = {
			isa = PBXResourcesBuildPhase;
			buildActionMask = 2147483647;
			files = (
			);
			runOnlyForDeploymentPostprocessing = 0;
		};
/* End PBXResourcesBuildPhase section */

/* Begin PBXSourcesBuildPhase section */
		2CDD0EB12DF06D410066B899 /* Sources */ = {
			isa = PBXSourcesBuildPhase;
			buildActionMask = 2147483647;
			files = (
			);
			runOnlyForDeploymentPostprocessing = 0;
		};
		2CDD0EBE2DF06D430066B899 /* Sources */ = {
			isa = PBXSourcesBuildPhase;
			buildActionMask = 2147483647;
			files = (
			);
			runOnlyForDeploymentPostprocessing = 0;
		};
		2CDD0EC82DF06D430066B899 /* Sources */ = {
			isa = PBXSourcesBuildPhase;
			buildActionMask = 2147483647;
			files = (
			);
			runOnlyForDeploymentPostprocessing = 0;
		};
/* End PBXSourcesBuildPhase section */

/* Begin PBXTargetDependency section */
		2CDD0EC42DF06D430066B899 /* PBXTargetDependency */ = {
			isa = PBXTargetDependency;
			target = 2CDD0EB42DF06D410066B899 /* keycraft */;
			targetProxy = 2CDD0EC32DF06D430066B899 /* PBXContainerItemProxy */;
		};
		2CDD0ECE2DF06D430066B899 /* PBXTargetDependency */ = {
			isa = PBXTargetDependency;
			target = 2CDD0EB42DF06D410066B899 /* keycraft */;
			targetProxy = 2CDD0ECD2DF06D430066B899 /* PBXContainerItemProxy */;
		};
/* End PBXTargetDependency section */

/* Begin XCBuildConfiguration section */
		2CDD0ED42DF06D430066B899 /* Debug */ = {
			isa = XCBuildConfiguration;
			buildSettings = {
				ALWAYS_SEARCH_USER_PATHS = NO;
				ASSETCATALOG_COMPILER_GENERATE_SWIFT_ASSET_SYMBOL_EXTENSIONS = YES;
				CLANG_ANALYZER_NONNULL = YES;
				CLANG_ANALYZER_NUMBER_OBJECT_CONVERSION = YES_AGGRESSIVE;
				CLANG_CXX_LANGUAGE_STANDARD = "gnu++20";
				CLANG_ENABLE_MODULES = YES;
				CLANG_ENABLE_OBJC_ARC = YES;
				CLANG_ENABLE_OBJC_WEAK = YES;
				CLANG_WARN_BLOCK_CAPTURE_AUTORELEASING = YES;
				CLANG_WARN_BOOL_CONVERSION = YES;
				CLANG_WARN_COMMA = YES;
				CLANG_WARN_CONSTANT_CONVERSION = YES;
				CLANG_WARN_DEPRECATED_OBJC_IMPLEMENTATIONS = YES;
				CLANG_WARN_DIRECT_OBJC_ISA_USAGE = YES_ERROR;
				CLANG_WARN_DOCUMENTATION_COMMENTS = YES;
				CLANG_WARN_EMPTY_BODY = YES;
				CLANG_WARN_ENUM_CONVERSION = YES;
				CLANG_WARN_INFINITE_RECURSION = YES;
				CLANG_WARN_INT_CONVERSION = YES;
				CLANG_WARN_NON_LITERAL_NULL_CONVERSION = YES;
				CLANG_WARN_OBJC_IMPLICIT_RETAIN_SELF = YES;
				CLANG_WARN_OBJC_LITERAL_CONVERSION = YES;
				CLANG_WARN_OBJC_ROOT_CLASS = YES_ERROR;
				CLANG_WARN_QUOTED_INCLUDE_IN_FRAMEWORK_HEADER = YES;
				CLANG_WARN_RANGE_LOOP_ANALYSIS = YES;
				CLANG_WARN_STRICT_PROTOTYPES = YES;
				CLANG_WARN_SUSPICIOUS_MOVE = YES;
				CLANG_WARN_UNGUARDED_AVAILABILITY = YES_AGGRESSIVE;
				CLANG_WARN_UNREACHABLE_CODE = YES;
				CLANG_WARN__DUPLICATE_METHOD_MATCH = YES;
				COPY_PHASE_STRIP = NO;
				DEBUG_INFORMATION_FORMAT = dwarf;
				ENABLE_STRICT_OBJC_MSGSEND = YES;
				ENABLE_TESTABILITY = YES;
				ENABLE_USER_SCRIPT_SANDBOXING = YES;
				GCC_C_LANGUAGE_STANDARD = gnu17;
				GCC_DYNAMIC_NO_PIC = NO;
				GCC_NO_COMMON_BLOCKS = YES;
				GCC_OPTIMIZATION_LEVEL = 0;
				GCC_PREPROCESSOR_DEFINITIONS = (
					"DEBUG=1",
					"$(inherited)",
				);
				GCC_WARN_64_TO_32_BIT_CONVERSION = YES;
				GCC_WARN_ABOUT_RETURN_TYPE = YES_ERROR;
				GCC_WARN_UNDECLARED_SELECTOR = YES;
				GCC_WARN_UNINITIALIZED_AUTOS = YES_AGGRESSIVE;
				GCC_WARN_UNUSED_FUNCTION = YES;
				GCC_WARN_UNUSED_VARIABLE = YES;
				IPHONEOS_DEPLOYMENT_TARGET = 18.5;
				LOCALIZATION_PREFERS_STRING_CATALOGS = YES;
				MTL_ENABLE_DEBUG_INFO = INCLUDE_SOURCE;
				MTL_FAST_MATH = YES;
				ONLY_ACTIVE_ARCH = YES;
				SDKROOT = iphoneos;
				SWIFT_ACTIVE_COMPILATION_CONDITIONS = "DEBUG $(inherited)";
				SWIFT_OPTIMIZATION_LEVEL = "-Onone";
			};
			name = Debug;
		};
		2CDD0ED52DF06D430066B899 /* Release */ = {
			isa = XCBuildConfiguration;
			buildSettings = {
				ALWAYS_SEARCH_USER_PATHS = NO;
				ASSETCATALOG_COMPILER_GENERATE_SWIFT_ASSET_SYMBOL_EXTENSIONS = YES;
				CLANG_ANALYZER_NONNULL = YES;
				CLANG_ANALYZER_NUMBER_OBJECT_CONVERSION = YES_AGGRESSIVE;
				CLANG_CXX_LANGUAGE_STANDARD = "gnu++20";
				CLANG_ENABLE_MODULES = YES;
				CLANG_ENABLE_OBJC_ARC = YES;
				CLANG_ENABLE_OBJC_WEAK = YES;
				CLANG_WARN_BLOCK_CAPTURE_AUTORELEASING = YES;
				CLANG_WARN_BOOL_CONVERSION = YES;
				CLANG_WARN_COMMA = YES;
				CLANG_WARN_CONSTANT_CONVERSION = YES;
				CLANG_WARN_DEPRECATED_OBJC_IMPLEMENTATIONS = YES;
				CLANG_WARN_DIRECT_OBJC_ISA_USAGE = YES_ERROR;
				CLANG_WARN_DOCUMENTATION_COMMENTS = YES;
				CLANG_WARN_EMPTY_BODY = YES;
				CLANG_WARN_ENUM_CONVERSION = YES;
				CLANG_WARN_INFINITE_RECURSION = YES;
				CLANG_WARN_INT_CONVERSION = YES;
				CLANG_WARN_NON_LITERAL_NULL_CONVERSION = YES;
				CLANG_WARN_OBJC_IMPLICIT_RETAIN_SELF = YES;
				CLANG_WARN_OBJC_LITERAL_CONVERSION = YES;
				CLANG_WARN_OBJC_ROOT_CLASS = YES_ERROR;
				CLANG_WARN_QUOTED_INCLUDE_IN_FRAMEWORK_HEADER = YES;
				CLANG_WARN_RANGE_LOOP_ANALYSIS = YES;
				CLANG_WARN_STRICT_PROTOTYPES = YES;
				CLANG_WARN_SUSPICIOUS_MOVE = YES;
				CLANG_WARN_UNGUARDED_AVAILABILITY = YES_AGGRESSIVE;
				CLANG_WARN_UNREACHABLE_CODE = YES;
				CLANG_WARN__DUPLICATE_METHOD_MATCH = YES;
				COPY_PHASE_STRIP = NO;
				DEBUG_INFORMATION_FORMAT = "dwarf-with-dsym";
				ENABLE_NS_ASSERTIONS = NO;
				ENABLE_STRICT_OBJC_MSGSEND = YES;
				ENABLE_USER_SCRIPT_SANDBOXING = YES;
				GCC_C_LANGUAGE_STANDARD = gnu17;
				GCC_NO_COMMON_BLOCKS = YES;
				GCC_WARN_64_TO_32_BIT_CONVERSION = YES;
				GCC_WARN_ABOUT_RETURN_TYPE = YES_ERROR;
				GCC_WARN_UNDECLARED_SELECTOR = YES;
				GCC_WARN_UNINITIALIZED_AUTOS = YES_AGGRESSIVE;
				GCC_WARN_UNUSED_FUNCTION = YES;
				GCC_WARN_UNUSED_VARIABLE = YES;
				IPHONEOS_DEPLOYMENT_TARGET = 18.5;
				LOCALIZATION_PREFERS_STRING_CATALOGS = YES;
				MTL_ENABLE_DEBUG_INFO = NO;
				MTL_FAST_MATH = YES;
				SDKROOT = iphoneos;
				SWIFT_COMPILATION_MODE = wholemodule;
				VALIDATE_PRODUCT = YES;
			};
			name = Release;
		};
		2CDD0ED72DF06D430066B899 /* Debug */ = {
			isa = XCBuildConfiguration;
			buildSettings = {
				ASSETCATALOG_COMPILER_APPICON_NAME = AppIcon;
				ASSETCATALOG_COMPILER_GLOBAL_ACCENT_COLOR_NAME = AccentColor;
				CODE_SIGN_IDENTITY = "Apple Development";
				CODE_SIGN_STYLE = Automatic;
				CURRENT_PROJECT_VERSION = 1;
				DEVELOPMENT_TEAM = 63QG49W64D;
				ENABLE_PREVIEWS = YES;
				GENERATE_INFOPLIST_FILE = YES;
				INFOPLIST_FILE = keycraft/Info.plist;
				INFOPLIST_KEY_UIApplicationSceneManifest_Generation = YES;
				INFOPLIST_KEY_UIApplicationSupportsIndirectInputEvents = YES;
				INFOPLIST_KEY_UILaunchScreen_Generation = YES;
				INFOPLIST_KEY_UISupportedInterfaceOrientations_iPad = "UIInterfaceOrientationPortrait UIInterfaceOrientationPortraitUpsideDown UIInterfaceOrientationLandscapeLeft UIInterfaceOrientationLandscapeRight";
				INFOPLIST_KEY_UISupportedInterfaceOrientations_iPhone = "UIInterfaceOrientationPortrait UIInterfaceOrientationLandscapeLeft UIInterfaceOrientationLandscapeRight";
				LD_RUNPATH_SEARCH_PATHS = (
					"$(inherited)",
					"@executable_path/Frameworks",
				);
				MARKETING_VERSION = 1.0;
				PRODUCT_BUNDLE_IDENTIFIER = com.allriseyy.keycraft;
				PRODUCT_NAME = "$(TARGET_NAME)";
				PROVISIONING_PROFILE_SPECIFIER = "";
				SWIFT_EMIT_LOC_STRINGS = YES;
				SWIFT_VERSION = 5.0;
				TARGETED_DEVICE_FAMILY = "1,2";
			};
			name = Debug;
		};
		2CDD0ED82DF06D430066B899 /* Release */ = {
			isa = XCBuildConfiguration;
			buildSettings = {
				ASSETCATALOG_COMPILER_APPICON_NAME = AppIcon;
				ASSETCATALOG_COMPILER_GLOBAL_ACCENT_COLOR_NAME = AccentColor;
				CODE_SIGN_IDENTITY = "Apple Development";
				CODE_SIGN_STYLE = Automatic;
				CURRENT_PROJECT_VERSION = 1;
				DEVELOPMENT_TEAM = 63QG49W64D;
				ENABLE_PREVIEWS = YES;
				GENERATE_INFOPLIST_FILE = YES;
				INFOPLIST_FILE = keycraft/Info.plist;
				INFOPLIST_KEY_UIApplicationSceneManifest_Generation = YES;
				INFOPLIST_KEY_UIApplicationSupportsIndirectInputEvents = YES;
				INFOPLIST_KEY_UILaunchScreen_Generation = YES;
				INFOPLIST_KEY_UISupportedInterfaceOrientations_iPad = "UIInterfaceOrientationPortrait UIInterfaceOrientationPortraitUpsideDown UIInterfaceOrientationLandscapeLeft UIInterfaceOrientationLandscapeRight";
				INFOPLIST_KEY_UISupportedInterfaceOrientations_iPhone = "UIInterfaceOrientationPortrait UIInterfaceOrientationLandscapeLeft UIInterfaceOrientationLandscapeRight";
				LD_RUNPATH_SEARCH_PATHS = (
					"$(inherited)",
					"@executable_path/Frameworks",
				);
				MARKETING_VERSION = 1.0;
				PRODUCT_BUNDLE_IDENTIFIER = com.allriseyy.keycraft;
				PRODUCT_NAME = "$(TARGET_NAME)";
				PROVISIONING_PROFILE_SPECIFIER = "";
				SWIFT_EMIT_LOC_STRINGS = YES;
				SWIFT_VERSION = 5.0;
				TARGETED_DEVICE_FAMILY = "1,2";
			};
			name = Release;
		};
		2CDD0EDA2DF06D430066B899 /* Debug */ = {
			isa = XCBuildConfiguration;
			buildSettings = {
				BUNDLE_LOADER = "$(TEST_HOST)";
				CODE_SIGN_STYLE = Automatic;
				CURRENT_PROJECT_VERSION = 1;
				GENERATE_INFOPLIST_FILE = YES;
				IPHONEOS_DEPLOYMENT_TARGET = 18.5;
				MARKETING_VERSION = 1.0;
				PRODUCT_BUNDLE_IDENTIFIER = com.allriseyy.keycraftTests;
				PRODUCT_NAME = "$(TARGET_NAME)";
				SWIFT_EMIT_LOC_STRINGS = NO;
				SWIFT_VERSION = 5.0;
				TARGETED_DEVICE_FAMILY = "1,2";
				TEST_HOST = "$(BUILT_PRODUCTS_DIR)/keycraft.app/$(BUNDLE_EXECUTABLE_FOLDER_PATH)/keycraft";
			};
			name = Debug;
		};
		2CDD0EDB2DF06D430066B899 /* Release */ = {
			isa = XCBuildConfiguration;
			buildSettings = {
				BUNDLE_LOADER = "$(TEST_HOST)";
				CODE_SIGN_STYLE = Automatic;
				CURRENT_PROJECT_VERSION = 1;
				GENERATE_INFOPLIST_FILE = YES;
				IPHONEOS_DEPLOYMENT_TARGET = 18.5;
				MARKETING_VERSION = 1.0;
				PRODUCT_BUNDLE_IDENTIFIER = com.allriseyy.keycraftTests;
				PRODUCT_NAME = "$(TARGET_NAME)";
				SWIFT_EMIT_LOC_STRINGS = NO;
				SWIFT_VERSION = 5.0;
				TARGETED_DEVICE_FAMILY = "1,2";
				TEST_HOST = "$(BUILT_PRODUCTS_DIR)/keycraft.app/$(BUNDLE_EXECUTABLE_FOLDER_PATH)/keycraft";
			};
			name = Release;
		};
		2CDD0EDD2DF06D430066B899 /* Debug */ = {
			isa = XCBuildConfiguration;
			buildSettings = {
				CODE_SIGN_STYLE = Automatic;
				CURRENT_PROJECT_VERSION = 1;
				GENERATE_INFOPLIST_FILE = YES;
				MARKETING_VERSION = 1.0;
				PRODUCT_BUNDLE_IDENTIFIER = com.allriseyy.keycraftUITests;
				PRODUCT_NAME = "$(TARGET_NAME)";
				SWIFT_EMIT_LOC_STRINGS = NO;
				SWIFT_VERSION = 5.0;
				TARGETED_DEVICE_FAMILY = "1,2";
				TEST_TARGET_NAME = keycraft;
			};
			name = Debug;
		};
		2CDD0EDE2DF06D430066B899 /* Release */ = {
			isa = XCBuildConfiguration;
			buildSettings = {
				CODE_SIGN_STYLE = Automatic;
				CURRENT_PROJECT_VERSION = 1;
				GENERATE_INFOPLIST_FILE = YES;
				MARKETING_VERSION = 1.0;
				PRODUCT_BUNDLE_IDENTIFIER = com.allriseyy.keycraftUITests;
				PRODUCT_NAME = "$(TARGET_NAME)";
				SWIFT_EMIT_LOC_STRINGS = NO;
				SWIFT_VERSION = 5.0;
				TARGETED_DEVICE_FAMILY = "1,2";
				TEST_TARGET_NAME = keycraft;
			};
			name = Release;
		};
/* End XCBuildConfiguration section */

/* Begin XCConfigurationList section */
		2CDD0EB02DF06D410066B899 /* Build configuration list for PBXProject "keycraft" */ = {
			isa = XCConfigurationList;
			buildConfigurations = (
				2CDD0ED42DF06D430066B899 /* Debug */,
				2CDD0ED52DF06D430066B899 /* Release */,
			);
			defaultConfigurationIsVisible = 0;
			defaultConfigurationName = Release;
		};
		2CDD0ED62DF06D430066B899 /* Build configuration list for PBXNativeTarget "keycraft" */ = {
			isa = XCConfigurationList;
			buildConfigurations = (
				2CDD0ED72DF06D430066B899 /* Debug */,
				2CDD0ED82DF06D430066B899 /* Release */,
			);
			defaultConfigurationIsVisible = 0;
			defaultConfigurationName = Release;
		};
		2CDD0ED92DF06D430066B899 /* Build configuration list for PBXNativeTarget "keycraftTests" */ = {
			isa = XCConfigurationList;
			buildConfigurations = (
				2CDD0EDA2DF06D430066B899 /* Debug */,
				2CDD0EDB2DF06D430066B899 /* Release */,
			);
			defaultConfigurationIsVisible = 0;
			defaultConfigurationName = Release;
		};
		2CDD0EDC2DF06D430066B899 /* Build configuration list for PBXNativeTarget "keycraftUITests" */ = {
			isa = XCConfigurationList;
			buildConfigurations = (
				2CDD0EDD2DF06D430066B899 /* Debug */,
				2CDD0EDE2DF06D430066B899 /* Release */,
			);
			defaultConfigurationIsVisible = 0;
			defaultConfigurationName = Release;
		};
/* End XCConfigurationList section */

/* Begin XCRemoteSwiftPackageReference section */
		2C86E7582E0EB5B400F8B22F /* XCRemoteSwiftPackageReference "lottie-ios" */ = {
			isa = XCRemoteSwiftPackageReference;
			repositoryURL = "https://github.com/airbnb/lottie-ios.git";
			requirement = {
				kind = upToNextMajorVersion;
				minimumVersion = 4.5.2;
			};
		};
/* End XCRemoteSwiftPackageReference section */

/* Begin XCSwiftPackageProductDependency section */
		2C86E7592E0EB5B400F8B22F /* Lottie */ = {
			isa = XCSwiftPackageProductDependency;
			package = 2C86E7582E0EB5B400F8B22F /* XCRemoteSwiftPackageReference "lottie-ios" */;
			productName = Lottie;
		};
/* End XCSwiftPackageProductDependency section */
	};
	rootObject = 2CDD0EAD2DF06D410066B899 /* Project object */;
}
